
Microsoft Visual Studio Solution File, Format Version 12.00
# Visual Studio Version 16
VisualStudioVersion = 16.0.29905.134
MinimumVisualStudioVersion = 10.0.40219.1
Project("{FAE04EC0-301F-11D3-BF4B-00C04F79EFBC}") = "CrudWebApplication", "CrudWebApplication\CrudWebApplication.csproj", "{F447E07D-3838-47A5-9D74-581F05E98ACB}"
EndProject
Global
	GlobalSection(SolutionConfigurationPlatforms) = preSolution
		Debug|Any CPU = Debug|Any CPU
		Release|Any CPU = Release|Any CPU
	EndGlobalSection
	GlobalSection(ProjectConfigurationPlatforms) = postSolution
		{F447E07D-3838-47A5-9D74-581F05E98ACB}.Debug|Any CPU.ActiveCfg = Debug|Any CPU
		{F447E07D-3838-47A5-9D74-581F05E98ACB}.Debug|Any CPU.Build.0 = Debug|Any CPU
		{F447E07D-3838-47A5-9D74-581F05E98ACB}.Release|Any CPU.ActiveCfg = Release|Any CPU
		{F447E07D-3838-47A5-9D74-581F05E98ACB}.Release|Any CPU.Build.0 = Release|Any CPU
	EndGlobalSection
	GlobalSection(SolutionProperties) = preSolution
		HideSolutionNode = FALSE
	EndGlobalSection
	GlobalSection(ExtensibilityGlobals) = postSolution
		SolutionGuid = {B9EFF3A9-3D34-4D27-A8EA-A8E1B8E626CE}
	EndGlobalSection
EndGlobal
